# This file was autogenerated by Stack.
# You should not edit this file by hand.
# For more information, please see the documentation at:
#   https://docs.haskellstack.org/en/stable/lock_files

packages: []
snapshots:
- completed:
    size: 508409
    url: https://raw.githubusercontent.com/commercialhaskell/stackage-snapshots/master/lts/12/22.yaml
    sha256: 8fda98426baa6dd8fab76ac7d87b12444b15ddbb3e7613988f046566059395c8
  original: lts-12.22
